
Microsoft Visual Studio Solution File, Format Version 12.00
# Visual Studio Version 16
VisualStudioVersion = 16.0.30204.135
MinimumVisualStudioVersion = 10.0.40219.1
Project("{FAE04EC0-301F-11D3-BF4B-00C04F79EFBC}") = "MulticheckboxDropdown", "MulticheckboxDropdown.csproj", "{AEB5B513-4585-4B3F-A8CE-B315FD9263FB}"
EndProject
Global
	GlobalSection(SolutionConfigurationPlatforms) = preSolution
		Debug|Any CPU = Debug|Any CPU
		Release|Any CPU = Release|Any CPU
	EndGlobalSection
	GlobalSection(ProjectConfigurationPlatforms) = postSolution
		{AEB5B513-4585-4B3F-A8CE-B315FD9263FB}.Debug|Any CPU.ActiveCfg = Debug|Any CPU
		{AEB5B513-4585-4B3F-A8CE-B315FD9263FB}.Debug|Any CPU.Build.0 = Debug|Any CPU
		{AEB5B513-4585-4B3F-A8CE-B315FD9263FB}.Release|Any CPU.ActiveCfg = Release|Any CPU
		{AEB5B513-4585-4B3F-A8CE-B315FD9263FB}.Release|Any CPU.Build.0 = Release|Any CPU
	EndGlobalSection
	GlobalSection(SolutionProperties) = preSolution
		HideSolutionNode = FALSE
	EndGlobalSection
	GlobalSection(ExtensibilityGlobals) = postSolution
		SolutionGuid = {062A929D-8B75-40B2-9663-CD7C1886DC0E}
	EndGlobalSection
EndGlobal
